
Microsoft Visual Studio Solution File, Format Version 12.00
# Visual Studio Version 17
VisualStudioVersion = 17.14.36429.23 d17.14
MinimumVisualStudioVersion = 10.0.40219.1
Project("{FAE04EC0-301F-11D3-BF4B-00C04F79EFBC}") = "UserAuthApi", "UserAuthApi.csproj", "{5BCEF114-2302-4E0D-AF3D-C99D69622DD2}"
EndProject
Global
	GlobalSection(SolutionConfigurationPlatforms) = preSolution
		Debug|Any CPU = Debug|Any CPU
		Release|Any CPU = Release|Any CPU
	EndGlobalSection
	GlobalSection(ProjectConfigurationPlatforms) = postSolution
		{5BCEF114-2302-4E0D-AF3D-C99D69622DD2}.Debug|Any CPU.ActiveCfg = Debug|Any CPU
		{5BCEF114-2302-4E0D-AF3D-C99D69622DD2}.Debug|Any CPU.Build.0 = Debug|Any CPU
		{5BCEF114-2302-4E0D-AF3D-C99D69622DD2}.Release|Any CPU.ActiveCfg = Release|Any CPU
		{5BCEF114-2302-4E0D-AF3D-C99D69622DD2}.Release|Any CPU.Build.0 = Release|Any CPU
	EndGlobalSection
	GlobalSection(SolutionProperties) = preSolution
		HideSolutionNode = FALSE
	EndGlobalSection
	GlobalSection(ExtensibilityGlobals) = postSolution
		SolutionGuid = {00212026-63F3-4304-BCFE-5373F0EFFD4A}
	EndGlobalSection
EndGlobal
